
Microsoft Visual Studio Solution File, Format Version 12.00
# Visual Studio Version 17
VisualStudioVersion = 17.1.32319.34
MinimumVisualStudioVersion = 10.0.40219.1
Project("{FAE04EC0-301F-11D3-BF4B-00C04F79EFBC}") = "aula_3_escrita_bin", "aula_3_escrita_bin.csproj", "{F51C96CB-7A54-4EB5-AE96-D1C14888DFF2}"
EndProject
Global
	GlobalSection(SolutionConfigurationPlatforms) = preSolution
		Debug|Any CPU = Debug|Any CPU
		Release|Any CPU = Release|Any CPU
	EndGlobalSection
	GlobalSection(ProjectConfigurationPlatforms) = postSolution
		{F51C96CB-7A54-4EB5-AE96-D1C14888DFF2}.Debug|Any CPU.ActiveCfg = Debug|Any CPU
		{F51C96CB-7A54-4EB5-AE96-D1C14888DFF2}.Debug|Any CPU.Build.0 = Debug|Any CPU
		{F51C96CB-7A54-4EB5-AE96-D1C14888DFF2}.Release|Any CPU.ActiveCfg = Release|Any CPU
		{F51C96CB-7A54-4EB5-AE96-D1C14888DFF2}.Release|Any CPU.Build.0 = Release|Any CPU
	EndGlobalSection
	GlobalSection(SolutionProperties) = preSolution
		HideSolutionNode = FALSE
	EndGlobalSection
	GlobalSection(ExtensibilityGlobals) = postSolution
		SolutionGuid = {5EFDCE28-D5B5-458B-8F63-C1EABF605BC6}
	EndGlobalSection
EndGlobal
