
Microsoft Visual Studio Solution File, Format Version 12.00
# Visual Studio Version 17
VisualStudioVersion = 17.1.32210.238
MinimumVisualStudioVersion = 10.0.40219.1
Project("{FAE04EC0-301F-11D3-BF4B-00C04F79EFBC}") = "aula_1_criando_listas_e_null", "aula_1_criando_listas_e_null.csproj", "{242E7791-043A-4BB1-B90E-69477425D9B1}"
EndProject
Global
	GlobalSection(SolutionConfigurationPlatforms) = preSolution
		Debug|Any CPU = Debug|Any CPU
		Release|Any CPU = Release|Any CPU
	EndGlobalSection
	GlobalSection(ProjectConfigurationPlatforms) = postSolution
		{242E7791-043A-4BB1-B90E-69477425D9B1}.Debug|Any CPU.ActiveCfg = Debug|Any CPU
		{242E7791-043A-4BB1-B90E-69477425D9B1}.Debug|Any CPU.Build.0 = Debug|Any CPU
		{242E7791-043A-4BB1-B90E-69477425D9B1}.Release|Any CPU.ActiveCfg = Release|Any CPU
		{242E7791-043A-4BB1-B90E-69477425D9B1}.Release|Any CPU.Build.0 = Release|Any CPU
	EndGlobalSection
	GlobalSection(SolutionProperties) = preSolution
		HideSolutionNode = FALSE
	EndGlobalSection
	GlobalSection(ExtensibilityGlobals) = postSolution
		SolutionGuid = {6A02B308-CD3A-4714-9248-2BEFF151CD44}
	EndGlobalSection
EndGlobal
