
Microsoft Visual Studio Solution File, Format Version 12.00
# Visual Studio Version 17
VisualStudioVersion = 17.2.32526.322
MinimumVisualStudioVersion = 10.0.40219.1
Project("{FAE04EC0-301F-11D3-BF4B-00C04F79EFBC}") = "aula09_struct_class", "aula09_struct_class.csproj", "{96208112-8A6A-498F-8042-B83758C1B46D}"
EndProject
Global
	GlobalSection(SolutionConfigurationPlatforms) = preSolution
		Debug|Any CPU = Debug|Any CPU
		Release|Any CPU = Release|Any CPU
	EndGlobalSection
	GlobalSection(ProjectConfigurationPlatforms) = postSolution
		{96208112-8A6A-498F-8042-B83758C1B46D}.Debug|Any CPU.ActiveCfg = Debug|Any CPU
		{96208112-8A6A-498F-8042-B83758C1B46D}.Debug|Any CPU.Build.0 = Debug|Any CPU
		{96208112-8A6A-498F-8042-B83758C1B46D}.Release|Any CPU.ActiveCfg = Release|Any CPU
		{96208112-8A6A-498F-8042-B83758C1B46D}.Release|Any CPU.Build.0 = Release|Any CPU
	EndGlobalSection
	GlobalSection(SolutionProperties) = preSolution
		HideSolutionNode = FALSE
	EndGlobalSection
	GlobalSection(ExtensibilityGlobals) = postSolution
		SolutionGuid = {D6D73053-8DF4-434E-9F94-981A760FC703}
	EndGlobalSection
EndGlobal
