
Microsoft Visual Studio Solution File, Format Version 12.00
# Visual Studio Version 17
VisualStudioVersion = 17.1.32328.378
MinimumVisualStudioVersion = 10.0.40219.1
Project("{FAE04EC0-301F-11D3-BF4B-00C04F79EFBC}") = "exercicio_abstracao", "exercicio_abstracao.csproj", "{A0F246B8-3F91-4331-98A3-876AA536364E}"
EndProject
Global
	GlobalSection(SolutionConfigurationPlatforms) = preSolution
		Debug|Any CPU = Debug|Any CPU
		Release|Any CPU = Release|Any CPU
	EndGlobalSection
	GlobalSection(ProjectConfigurationPlatforms) = postSolution
		{A0F246B8-3F91-4331-98A3-876AA536364E}.Debug|Any CPU.ActiveCfg = Debug|Any CPU
		{A0F246B8-3F91-4331-98A3-876AA536364E}.Debug|Any CPU.Build.0 = Debug|Any CPU
		{A0F246B8-3F91-4331-98A3-876AA536364E}.Release|Any CPU.ActiveCfg = Release|Any CPU
		{A0F246B8-3F91-4331-98A3-876AA536364E}.Release|Any CPU.Build.0 = Release|Any CPU
	EndGlobalSection
	GlobalSection(SolutionProperties) = preSolution
		HideSolutionNode = FALSE
	EndGlobalSection
	GlobalSection(ExtensibilityGlobals) = postSolution
		SolutionGuid = {2F4ED8AB-D82F-4339-B4E9-E7997EE8E8D0}
	EndGlobalSection
EndGlobal
