
Microsoft Visual Studio Solution File, Format Version 12.00
# Visual Studio Version 17
VisualStudioVersion = 17.2.32526.322
MinimumVisualStudioVersion = 10.0.40219.1
Project("{FAE04EC0-301F-11D3-BF4B-00C04F79EFBC}") = "aula_heranca2", "aula_heranca2.csproj", "{AE9EDB24-417D-4EF3-8534-3CC273274DF7}"
EndProject
Global
	GlobalSection(SolutionConfigurationPlatforms) = preSolution
		Debug|Any CPU = Debug|Any CPU
		Release|Any CPU = Release|Any CPU
	EndGlobalSection
	GlobalSection(ProjectConfigurationPlatforms) = postSolution
		{AE9EDB24-417D-4EF3-8534-3CC273274DF7}.Debug|Any CPU.ActiveCfg = Debug|Any CPU
		{AE9EDB24-417D-4EF3-8534-3CC273274DF7}.Debug|Any CPU.Build.0 = Debug|Any CPU
		{AE9EDB24-417D-4EF3-8534-3CC273274DF7}.Release|Any CPU.ActiveCfg = Release|Any CPU
		{AE9EDB24-417D-4EF3-8534-3CC273274DF7}.Release|Any CPU.Build.0 = Release|Any CPU
	EndGlobalSection
	GlobalSection(SolutionProperties) = preSolution
		HideSolutionNode = FALSE
	EndGlobalSection
	GlobalSection(ExtensibilityGlobals) = postSolution
		SolutionGuid = {C21E88CD-A03D-4320-AD7C-1C08E8662E5C}
	EndGlobalSection
EndGlobal
