
Microsoft Visual Studio Solution File, Format Version 12.00
# Visual Studio Version 17
VisualStudioVersion = 17.0.32112.339
MinimumVisualStudioVersion = 10.0.40219.1
Project("{FAE04EC0-301F-11D3-BF4B-00C04F79EFBC}") = "ex-condicionais", "ex-condicionais.csproj", "{FCC7E894-D026-4CF3-B73B-E3BA82F446C1}"
EndProject
Global
	GlobalSection(SolutionConfigurationPlatforms) = preSolution
		Debug|Any CPU = Debug|Any CPU
		Release|Any CPU = Release|Any CPU
	EndGlobalSection
	GlobalSection(ProjectConfigurationPlatforms) = postSolution
		{FCC7E894-D026-4CF3-B73B-E3BA82F446C1}.Debug|Any CPU.ActiveCfg = Debug|Any CPU
		{FCC7E894-D026-4CF3-B73B-E3BA82F446C1}.Debug|Any CPU.Build.0 = Debug|Any CPU
		{FCC7E894-D026-4CF3-B73B-E3BA82F446C1}.Release|Any CPU.ActiveCfg = Release|Any CPU
		{FCC7E894-D026-4CF3-B73B-E3BA82F446C1}.Release|Any CPU.Build.0 = Release|Any CPU
	EndGlobalSection
	GlobalSection(SolutionProperties) = preSolution
		HideSolutionNode = FALSE
	EndGlobalSection
	GlobalSection(ExtensibilityGlobals) = postSolution
		SolutionGuid = {AA4983C9-DBF2-44C8-8A3D-04D7D49D57A7}
	EndGlobalSection
EndGlobal
