
Microsoft Visual Studio Solution File, Format Version 12.00
# Visual Studio Version 17
VisualStudioVersion = 17.1.32328.378
MinimumVisualStudioVersion = 10.0.40219.1
Project("{FAE04EC0-301F-11D3-BF4B-00C04F79EFBC}") = "aula_abstracao", "aula_abstracao.csproj", "{882182C0-0FB1-4688-9D2A-FF09E58F2B92}"
EndProject
Global
	GlobalSection(SolutionConfigurationPlatforms) = preSolution
		Debug|Any CPU = Debug|Any CPU
		Release|Any CPU = Release|Any CPU
	EndGlobalSection
	GlobalSection(ProjectConfigurationPlatforms) = postSolution
		{882182C0-0FB1-4688-9D2A-FF09E58F2B92}.Debug|Any CPU.ActiveCfg = Debug|Any CPU
		{882182C0-0FB1-4688-9D2A-FF09E58F2B92}.Debug|Any CPU.Build.0 = Debug|Any CPU
		{882182C0-0FB1-4688-9D2A-FF09E58F2B92}.Release|Any CPU.ActiveCfg = Release|Any CPU
		{882182C0-0FB1-4688-9D2A-FF09E58F2B92}.Release|Any CPU.Build.0 = Release|Any CPU
	EndGlobalSection
	GlobalSection(SolutionProperties) = preSolution
		HideSolutionNode = FALSE
	EndGlobalSection
	GlobalSection(ExtensibilityGlobals) = postSolution
		SolutionGuid = {E5B753CB-0325-405A-944E-B744AE726047}
	EndGlobalSection
EndGlobal
