
Microsoft Visual Studio Solution File, Format Version 12.00
# Visual Studio Version 17
VisualStudioVersion = 17.1.32210.238
MinimumVisualStudioVersion = 10.0.40219.1
Project("{FAE04EC0-301F-11D3-BF4B-00C04F79EFBC}") = "aula-escopo", "aula-escopo.csproj", "{6EF49C9B-C439-49B2-97B2-B35023C83F70}"
EndProject
Global
	GlobalSection(SolutionConfigurationPlatforms) = preSolution
		Debug|Any CPU = Debug|Any CPU
		Release|Any CPU = Release|Any CPU
	EndGlobalSection
	GlobalSection(ProjectConfigurationPlatforms) = postSolution
		{6EF49C9B-C439-49B2-97B2-B35023C83F70}.Debug|Any CPU.ActiveCfg = Debug|Any CPU
		{6EF49C9B-C439-49B2-97B2-B35023C83F70}.Debug|Any CPU.Build.0 = Debug|Any CPU
		{6EF49C9B-C439-49B2-97B2-B35023C83F70}.Release|Any CPU.ActiveCfg = Release|Any CPU
		{6EF49C9B-C439-49B2-97B2-B35023C83F70}.Release|Any CPU.Build.0 = Release|Any CPU
	EndGlobalSection
	GlobalSection(SolutionProperties) = preSolution
		HideSolutionNode = FALSE
	EndGlobalSection
	GlobalSection(ExtensibilityGlobals) = postSolution
		SolutionGuid = {6597EE14-D4C4-4606-8211-19D65E7FD8DD}
	EndGlobalSection
EndGlobal
